
Microsoft Visual Studio Solution File, Format Version 12.00
# Visual Studio 14
VisualStudioVersion = 14.0.25420.1
MinimumVisualStudioVersion = 10.0.40219.1
Project("{2150E333-8FDC-42A3-9474-1A3956D46DE8}") = "src", "src", "{5360B3E8-3158-4DEC-B97F-C445DCDE7B9E}"
EndProject
Project("{2150E333-8FDC-42A3-9474-1A3956D46DE8}") = "Solution Items", "Solution Items", "{1C643FB5-8AB6-4BB0-BFB0-26FCCD84F2FF}"
	ProjectSection(SolutionItems) = preProject
		global.json = global.json
		manifest.yml = manifest.yml
	EndProjectSection
EndProject
Project("{8BB2217D-0F2D-49D1-97BC-3654ED321F3B}") = "CoreStaticFileServer", "src\CoreStaticFileServer\CoreStaticFileServer.xproj", "{774680F8-31BD-4261-87BA-D6151A902658}"
EndProject
Global
	GlobalSection(SolutionConfigurationPlatforms) = preSolution
		Debug|Any CPU = Debug|Any CPU
		Release|Any CPU = Release|Any CPU
	EndGlobalSection
	GlobalSection(ProjectConfigurationPlatforms) = postSolution
		{774680F8-31BD-4261-87BA-D6151A902658}.Debug|Any CPU.ActiveCfg = Debug|Any CPU
		{774680F8-31BD-4261-87BA-D6151A902658}.Debug|Any CPU.Build.0 = Debug|Any CPU
		{774680F8-31BD-4261-87BA-D6151A902658}.Release|Any CPU.ActiveCfg = Release|Any CPU
		{774680F8-31BD-4261-87BA-D6151A902658}.Release|Any CPU.Build.0 = Release|Any CPU
	EndGlobalSection
	GlobalSection(SolutionProperties) = preSolution
		HideSolutionNode = FALSE
	EndGlobalSection
	GlobalSection(NestedProjects) = preSolution
		{774680F8-31BD-4261-87BA-D6151A902658} = {5360B3E8-3158-4DEC-B97F-C445DCDE7B9E}
	EndGlobalSection
EndGlobal
